
Microsoft Visual Studio Solution File, Format Version 12.00
# Visual Studio 15
VisualStudioVersion = 15.0.28307.489
MinimumVisualStudioVersion = 10.0.40219.1
Project("{FAE04EC0-301F-11D3-BF4B-00C04F79EFBC}") = "MVC", "MVC\MVC.csproj", "{95F4E3E2-F222-4B16-9E74-ED5A9A957BD8}"
EndProject
Project("{FAE04EC0-301F-11D3-BF4B-00C04F79EFBC}") = "MVC.Tests", "MVC.Tests\MVC.Tests.csproj", "{FA42139F-6E95-4866-9AA5-05DA5CCAC665}"
EndProject
Global
	GlobalSection(SolutionConfigurationPlatforms) = preSolution
		Debug|Any CPU = Debug|Any CPU
		Release|Any CPU = Release|Any CPU
	EndGlobalSection
	GlobalSection(ProjectConfigurationPlatforms) = postSolution
		{95F4E3E2-F222-4B16-9E74-ED5A9A957BD8}.Debug|Any CPU.ActiveCfg = Debug|Any CPU
		{95F4E3E2-F222-4B16-9E74-ED5A9A957BD8}.Debug|Any CPU.Build.0 = Debug|Any CPU
		{95F4E3E2-F222-4B16-9E74-ED5A9A957BD8}.Release|Any CPU.ActiveCfg = Release|Any CPU
		{95F4E3E2-F222-4B16-9E74-ED5A9A957BD8}.Release|Any CPU.Build.0 = Release|Any CPU
		{FA42139F-6E95-4866-9AA5-05DA5CCAC665}.Debug|Any CPU.ActiveCfg = Debug|Any CPU
		{FA42139F-6E95-4866-9AA5-05DA5CCAC665}.Debug|Any CPU.Build.0 = Debug|Any CPU
		{FA42139F-6E95-4866-9AA5-05DA5CCAC665}.Release|Any CPU.ActiveCfg = Release|Any CPU
		{FA42139F-6E95-4866-9AA5-05DA5CCAC665}.Release|Any CPU.Build.0 = Release|Any CPU
	EndGlobalSection
	GlobalSection(SolutionProperties) = preSolution
		HideSolutionNode = FALSE
	EndGlobalSection
	GlobalSection(ExtensibilityGlobals) = postSolution
		SolutionGuid = {8E71ECFC-5B5C-406B-8423-B81FE2D50E9D}
	EndGlobalSection
EndGlobal
